
Microsoft Visual Studio Solution File, Format Version 12.00
# Visual Studio Version 16
VisualStudioVersion = 16.0.29509.3
MinimumVisualStudioVersion = 10.0.40219.1
Project("{FAE04EC0-301F-11D3-BF4B-00C04F79EFBC}") = "Nsf.App.UI", "Nsf.App.UI\Nsf.App.UI.csproj", "{381354CC-AAAB-4DC0-AE6A-0C8488A33F26}"
EndProject
Project("{FAE04EC0-301F-11D3-BF4B-00C04F79EFBC}") = "Nsf.App.Utils", "Nsf.App.Utils\Nsf.App.Utils.csproj", "{62CCAFF9-3F8F-4E9A-8CE3-198AB5086FCB}"
EndProject
Project("{FAE04EC0-301F-11D3-BF4B-00C04F79EFBC}") = "Nsf.App.API.Client", "Nsf.App.API.Client\Nsf.App.API.Client.csproj", "{C72D13BE-8B51-4E06-902A-CA1335C1D1CE}"
EndProject
Project("{FAE04EC0-301F-11D3-BF4B-00C04F79EFBC}") = "Nsf.App.Model", "Nsf.App.Model\Nsf.App.Model.csproj", "{994FEA6A-4F81-4675-8223-54C96CA6A46C}"
EndProject
Global
	GlobalSection(SolutionConfigurationPlatforms) = preSolution
		Ad-Hoc|Any CPU = Ad-Hoc|Any CPU
		Ad-Hoc|ARM = Ad-Hoc|ARM
		Ad-Hoc|iPhone = Ad-Hoc|iPhone
		Ad-Hoc|iPhoneSimulator = Ad-Hoc|iPhoneSimulator
		Ad-Hoc|x64 = Ad-Hoc|x64
		Ad-Hoc|x86 = Ad-Hoc|x86
		AppStore|Any CPU = AppStore|Any CPU
		AppStore|ARM = AppStore|ARM
		AppStore|iPhone = AppStore|iPhone
		AppStore|iPhoneSimulator = AppStore|iPhoneSimulator
		AppStore|x64 = AppStore|x64
		AppStore|x86 = AppStore|x86
		Debug|Any CPU = Debug|Any CPU
		Debug|ARM = Debug|ARM
		Debug|iPhone = Debug|iPhone
		Debug|iPhoneSimulator = Debug|iPhoneSimulator
		Debug|x64 = Debug|x64
		Debug|x86 = Debug|x86
		Release|Any CPU = Release|Any CPU
		Release|ARM = Release|ARM
		Release|iPhone = Release|iPhone
		Release|iPhoneSimulator = Release|iPhoneSimulator
		Release|x64 = Release|x64
		Release|x86 = Release|x86
	EndGlobalSection
	GlobalSection(ProjectConfigurationPlatforms) = postSolution
		{381354CC-AAAB-4DC0-AE6A-0C8488A33F26}.Ad-Hoc|Any CPU.ActiveCfg = Release|Any CPU
		{381354CC-AAAB-4DC0-AE6A-0C8488A33F26}.Ad-Hoc|Any CPU.Build.0 = Release|Any CPU
		{381354CC-AAAB-4DC0-AE6A-0C8488A33F26}.Ad-Hoc|ARM.ActiveCfg = Release|Any CPU
		{381354CC-AAAB-4DC0-AE6A-0C8488A33F26}.Ad-Hoc|ARM.Build.0 = Release|Any CPU
		{381354CC-AAAB-4DC0-AE6A-0C8488A33F26}.Ad-Hoc|iPhone.ActiveCfg = Release|Any CPU
		{381354CC-AAAB-4DC0-AE6A-0C8488A33F26}.Ad-Hoc|iPhone.Build.0 = Release|Any CPU
		{381354CC-AAAB-4DC0-AE6A-0C8488A33F26}.Ad-Hoc|iPhoneSimulator.ActiveCfg = Release|Any CPU
		{381354CC-AAAB-4DC0-AE6A-0C8488A33F26}.Ad-Hoc|iPhoneSimulator.Build.0 = Release|Any CPU
		{381354CC-AAAB-4DC0-AE6A-0C8488A33F26}.Ad-Hoc|x64.ActiveCfg = Release|Any CPU
		{381354CC-AAAB-4DC0-AE6A-0C8488A33F26}.Ad-Hoc|x64.Build.0 = Release|Any CPU
		{381354CC-AAAB-4DC0-AE6A-0C8488A33F26}.Ad-Hoc|x86.ActiveCfg = Release|Any CPU
		{381354CC-AAAB-4DC0-AE6A-0C8488A33F26}.Ad-Hoc|x86.Build.0 = Release|Any CPU
		{381354CC-AAAB-4DC0-AE6A-0C8488A33F26}.AppStore|Any CPU.ActiveCfg = Release|Any CPU
		{381354CC-AAAB-4DC0-AE6A-0C8488A33F26}.AppStore|Any CPU.Build.0 = Release|Any CPU
		{381354CC-AAAB-4DC0-AE6A-0C8488A33F26}.AppStore|ARM.ActiveCfg = Release|Any CPU
		{381354CC-AAAB-4DC0-AE6A-0C8488A33F26}.AppStore|ARM.Build.0 = Release|Any CPU
		{381354CC-AAAB-4DC0-AE6A-0C8488A33F26}.AppStore|iPhone.ActiveCfg = Release|Any CPU
		{381354CC-AAAB-4DC0-AE6A-0C8488A33F26}.AppStore|iPhone.Build.0 = Release|Any CPU
		{381354CC-AAAB-4DC0-AE6A-0C8488A33F26}.AppStore|iPhoneSimulator.ActiveCfg = Release|Any CPU
		{381354CC-AAAB-4DC0-AE6A-0C8488A33F26}.AppStore|iPhoneSimulator.Build.0 = Release|Any CPU
		{381354CC-AAAB-4DC0-AE6A-0C8488A33F26}.AppStore|x64.ActiveCfg = Release|Any CPU
		{381354CC-AAAB-4DC0-AE6A-0C8488A33F26}.AppStore|x64.Build.0 = Release|Any CPU
		{381354CC-AAAB-4DC0-AE6A-0C8488A33F26}.AppStore|x86.ActiveCfg = Release|Any CPU
		{381354CC-AAAB-4DC0-AE6A-0C8488A33F26}.AppStore|x86.Build.0 = Release|Any CPU
		{381354CC-AAAB-4DC0-AE6A-0C8488A33F26}.Debug|Any CPU.ActiveCfg = Debug|Any CPU
		{381354CC-AAAB-4DC0-AE6A-0C8488A33F26}.Debug|Any CPU.Build.0 = Debug|Any CPU
		{381354CC-AAAB-4DC0-AE6A-0C8488A33F26}.Debug|ARM.ActiveCfg = Debug|Any CPU
		{381354CC-AAAB-4DC0-AE6A-0C8488A33F26}.Debug|ARM.Build.0 = Debug|Any CPU
		{381354CC-AAAB-4DC0-AE6A-0C8488A33F26}.Debug|iPhone.ActiveCfg = Debug|Any CPU
		{381354CC-AAAB-4DC0-AE6A-0C8488A33F26}.Debug|iPhone.Build.0 = Debug|Any CPU
		{381354CC-AAAB-4DC0-AE6A-0C8488A33F26}.Debug|iPhoneSimulator.ActiveCfg = Debug|Any CPU
		{381354CC-AAAB-4DC0-AE6A-0C8488A33F26}.Debug|iPhoneSimulator.Build.0 = Debug|Any CPU
		{381354CC-AAAB-4DC0-AE6A-0C8488A33F26}.Debug|x64.ActiveCfg = Debug|Any CPU
		{381354CC-AAAB-4DC0-AE6A-0C8488A33F26}.Debug|x64.Build.0 = Debug|Any CPU
		{381354CC-AAAB-4DC0-AE6A-0C8488A33F26}.Debug|x86.ActiveCfg = Debug|Any CPU
		{381354CC-AAAB-4DC0-AE6A-0C8488A33F26}.Debug|x86.Build.0 = Debug|Any CPU
		{381354CC-AAAB-4DC0-AE6A-0C8488A33F26}.Release|Any CPU.ActiveCfg = Release|Any CPU
		{381354CC-AAAB-4DC0-AE6A-0C8488A33F26}.Release|Any CPU.Build.0 = Release|Any CPU
		{381354CC-AAAB-4DC0-AE6A-0C8488A33F26}.Release|ARM.ActiveCfg = Release|Any CPU
		{381354CC-AAAB-4DC0-AE6A-0C8488A33F26}.Release|ARM.Build.0 = Release|Any CPU
		{381354CC-AAAB-4DC0-AE6A-0C8488A33F26}.Release|iPhone.ActiveCfg = Release|Any CPU
		{381354CC-AAAB-4DC0-AE6A-0C8488A33F26}.Release|iPhone.Build.0 = Release|Any CPU
		{381354CC-AAAB-4DC0-AE6A-0C8488A33F26}.Release|iPhoneSimulator.ActiveCfg = Release|Any CPU
		{381354CC-AAAB-4DC0-AE6A-0C8488A33F26}.Release|iPhoneSimulator.Build.0 = Release|Any CPU
		{381354CC-AAAB-4DC0-AE6A-0C8488A33F26}.Release|x64.ActiveCfg = Release|Any CPU
		{381354CC-AAAB-4DC0-AE6A-0C8488A33F26}.Release|x64.Build.0 = Release|Any CPU
		{381354CC-AAAB-4DC0-AE6A-0C8488A33F26}.Release|x86.ActiveCfg = Release|Any CPU
		{381354CC-AAAB-4DC0-AE6A-0C8488A33F26}.Release|x86.Build.0 = Release|Any CPU
		{62CCAFF9-3F8F-4E9A-8CE3-198AB5086FCB}.Ad-Hoc|Any CPU.ActiveCfg = Release|Any CPU
		{62CCAFF9-3F8F-4E9A-8CE3-198AB5086FCB}.Ad-Hoc|Any CPU.Build.0 = Release|Any CPU
		{62CCAFF9-3F8F-4E9A-8CE3-198AB5086FCB}.Ad-Hoc|ARM.ActiveCfg = Release|Any CPU
		{62CCAFF9-3F8F-4E9A-8CE3-198AB5086FCB}.Ad-Hoc|ARM.Build.0 = Release|Any CPU
		{62CCAFF9-3F8F-4E9A-8CE3-198AB5086FCB}.Ad-Hoc|iPhone.ActiveCfg = Release|Any CPU
		{62CCAFF9-3F8F-4E9A-8CE3-198AB5086FCB}.Ad-Hoc|iPhone.Build.0 = Release|Any CPU
		{62CCAFF9-3F8F-4E9A-8CE3-198AB5086FCB}.Ad-Hoc|iPhoneSimulator.ActiveCfg = Release|Any CPU
		{62CCAFF9-3F8F-4E9A-8CE3-198AB5086FCB}.Ad-Hoc|iPhoneSimulator.Build.0 = Release|Any CPU
		{62CCAFF9-3F8F-4E9A-8CE3-198AB5086FCB}.Ad-Hoc|x64.ActiveCfg = Release|Any CPU
		{62CCAFF9-3F8F-4E9A-8CE3-198AB5086FCB}.Ad-Hoc|x64.Build.0 = Release|Any CPU
		{62CCAFF9-3F8F-4E9A-8CE3-198AB5086FCB}.Ad-Hoc|x86.ActiveCfg = Release|Any CPU
		{62CCAFF9-3F8F-4E9A-8CE3-198AB5086FCB}.Ad-Hoc|x86.Build.0 = Release|Any CPU
		{62CCAFF9-3F8F-4E9A-8CE3-198AB5086FCB}.AppStore|Any CPU.ActiveCfg = Release|Any CPU
		{62CCAFF9-3F8F-4E9A-8CE3-198AB5086FCB}.AppStore|Any CPU.Build.0 = Release|Any CPU
		{62CCAFF9-3F8F-4E9A-8CE3-198AB5086FCB}.AppStore|ARM.ActiveCfg = Release|Any CPU
		{62CCAFF9-3F8F-4E9A-8CE3-198AB5086FCB}.AppStore|ARM.Build.0 = Release|Any CPU
		{62CCAFF9-3F8F-4E9A-8CE3-198AB5086FCB}.AppStore|iPhone.ActiveCfg = Release|Any CPU
		{62CCAFF9-3F8F-4E9A-8CE3-198AB5086FCB}.AppStore|iPhone.Build.0 = Release|Any CPU
		{62CCAFF9-3F8F-4E9A-8CE3-198AB5086FCB}.AppStore|iPhoneSimulator.ActiveCfg = Release|Any CPU
		{62CCAFF9-3F8F-4E9A-8CE3-198AB5086FCB}.AppStore|iPhoneSimulator.Build.0 = Release|Any CPU
		{62CCAFF9-3F8F-4E9A-8CE3-198AB5086FCB}.AppStore|x64.ActiveCfg = Release|Any CPU
		{62CCAFF9-3F8F-4E9A-8CE3-198AB5086FCB}.AppStore|x64.Build.0 = Release|Any CPU
		{62CCAFF9-3F8F-4E9A-8CE3-198AB5086FCB}.AppStore|x86.ActiveCfg = Release|Any CPU
		{62CCAFF9-3F8F-4E9A-8CE3-198AB5086FCB}.AppStore|x86.Build.0 = Release|Any CPU
		{62CCAFF9-3F8F-4E9A-8CE3-198AB5086FCB}.Debug|Any CPU.ActiveCfg = Debug|Any CPU
		{62CCAFF9-3F8F-4E9A-8CE3-198AB5086FCB}.Debug|Any CPU.Build.0 = Debug|Any CPU
		{62CCAFF9-3F8F-4E9A-8CE3-198AB5086FCB}.Debug|ARM.ActiveCfg = Debug|Any CPU
		{62CCAFF9-3F8F-4E9A-8CE3-198AB5086FCB}.Debug|ARM.Build.0 = Debug|Any CPU
		{62CCAFF9-3F8F-4E9A-8CE3-198AB5086FCB}.Debug|iPhone.ActiveCfg = Debug|Any CPU
		{62CCAFF9-3F8F-4E9A-8CE3-198AB5086FCB}.Debug|iPhone.Build.0 = Debug|Any CPU
		{62CCAFF9-3F8F-4E9A-8CE3-198AB5086FCB}.Debug|iPhoneSimulator.ActiveCfg = Debug|Any CPU
		{62CCAFF9-3F8F-4E9A-8CE3-198AB5086FCB}.Debug|iPhoneSimulator.Build.0 = Debug|Any CPU
		{62CCAFF9-3F8F-4E9A-8CE3-198AB5086FCB}.Debug|x64.ActiveCfg = Debug|Any CPU
		{62CCAFF9-3F8F-4E9A-8CE3-198AB5086FCB}.Debug|x64.Build.0 = Debug|Any CPU
		{62CCAFF9-3F8F-4E9A-8CE3-198AB5086FCB}.Debug|x86.ActiveCfg = Debug|Any CPU
		{62CCAFF9-3F8F-4E9A-8CE3-198AB5086FCB}.Debug|x86.Build.0 = Debug|Any CPU
		{62CCAFF9-3F8F-4E9A-8CE3-198AB5086FCB}.Release|Any CPU.ActiveCfg = Release|Any CPU
		{62CCAFF9-3F8F-4E9A-8CE3-198AB5086FCB}.Release|Any CPU.Build.0 = Release|Any CPU
		{62CCAFF9-3F8F-4E9A-8CE3-198AB5086FCB}.Release|ARM.ActiveCfg = Release|Any CPU
		{62CCAFF9-3F8F-4E9A-8CE3-198AB5086FCB}.Release|ARM.Build.0 = Release|Any CPU
		{62CCAFF9-3F8F-4E9A-8CE3-198AB5086FCB}.Release|iPhone.ActiveCfg = Release|Any CPU
		{62CCAFF9-3F8F-4E9A-8CE3-198AB5086FCB}.Release|iPhone.Build.0 = Release|Any CPU
		{62CCAFF9-3F8F-4E9A-8CE3-198AB5086FCB}.Release|iPhoneSimulator.ActiveCfg = Release|Any CPU
		{62CCAFF9-3F8F-4E9A-8CE3-198AB5086FCB}.Release|iPhoneSimulator.Build.0 = Release|Any CPU
		{62CCAFF9-3F8F-4E9A-8CE3-198AB5086FCB}.Release|x64.ActiveCfg = Release|Any CPU
		{62CCAFF9-3F8F-4E9A-8CE3-198AB5086FCB}.Release|x64.Build.0 = Release|Any CPU
		{62CCAFF9-3F8F-4E9A-8CE3-198AB5086FCB}.Release|x86.ActiveCfg = Release|Any CPU
		{62CCAFF9-3F8F-4E9A-8CE3-198AB5086FCB}.Release|x86.Build.0 = Release|Any CPU
		{C72D13BE-8B51-4E06-902A-CA1335C1D1CE}.Ad-Hoc|Any CPU.ActiveCfg = Release|Any CPU
		{C72D13BE-8B51-4E06-902A-CA1335C1D1CE}.Ad-Hoc|Any CPU.Build.0 = Release|Any CPU
		{C72D13BE-8B51-4E06-902A-CA1335C1D1CE}.Ad-Hoc|ARM.ActiveCfg = Release|Any CPU
		{C72D13BE-8B51-4E06-902A-CA1335C1D1CE}.Ad-Hoc|ARM.Build.0 = Release|Any CPU
		{C72D13BE-8B51-4E06-902A-CA1335C1D1CE}.Ad-Hoc|iPhone.ActiveCfg = Release|Any CPU
		{C72D13BE-8B51-4E06-902A-CA1335C1D1CE}.Ad-Hoc|iPhone.Build.0 = Release|Any CPU
		{C72D13BE-8B51-4E06-902A-CA1335C1D1CE}.Ad-Hoc|iPhoneSimulator.ActiveCfg = Release|Any CPU
		{C72D13BE-8B51-4E06-902A-CA1335C1D1CE}.Ad-Hoc|iPhoneSimulator.Build.0 = Release|Any CPU
		{C72D13BE-8B51-4E06-902A-CA1335C1D1CE}.Ad-Hoc|x64.ActiveCfg = Release|Any CPU
		{C72D13BE-8B51-4E06-902A-CA1335C1D1CE}.Ad-Hoc|x64.Build.0 = Release|Any CPU
		{C72D13BE-8B51-4E06-902A-CA1335C1D1CE}.Ad-Hoc|x86.ActiveCfg = Release|Any CPU
		{C72D13BE-8B51-4E06-902A-CA1335C1D1CE}.Ad-Hoc|x86.Build.0 = Release|Any CPU
		{C72D13BE-8B51-4E06-902A-CA1335C1D1CE}.AppStore|Any CPU.ActiveCfg = Release|Any CPU
		{C72D13BE-8B51-4E06-902A-CA1335C1D1CE}.AppStore|Any CPU.Build.0 = Release|Any CPU
		{C72D13BE-8B51-4E06-902A-CA1335C1D1CE}.AppStore|ARM.ActiveCfg = Release|Any CPU
		{C72D13BE-8B51-4E06-902A-CA1335C1D1CE}.AppStore|ARM.Build.0 = Release|Any CPU
		{C72D13BE-8B51-4E06-902A-CA1335C1D1CE}.AppStore|iPhone.ActiveCfg = Release|Any CPU
		{C72D13BE-8B51-4E06-902A-CA1335C1D1CE}.AppStore|iPhone.Build.0 = Release|Any CPU
		{C72D13BE-8B51-4E06-902A-CA1335C1D1CE}.AppStore|iPhoneSimulator.ActiveCfg = Release|Any CPU
		{C72D13BE-8B51-4E06-902A-CA1335C1D1CE}.AppStore|iPhoneSimulator.Build.0 = Release|Any CPU
		{C72D13BE-8B51-4E06-902A-CA1335C1D1CE}.AppStore|x64.ActiveCfg = Release|Any CPU
		{C72D13BE-8B51-4E06-902A-CA1335C1D1CE}.AppStore|x64.Build.0 = Release|Any CPU
		{C72D13BE-8B51-4E06-902A-CA1335C1D1CE}.AppStore|x86.ActiveCfg = Release|Any CPU
		{C72D13BE-8B51-4E06-902A-CA1335C1D1CE}.AppStore|x86.Build.0 = Release|Any CPU
		{C72D13BE-8B51-4E06-902A-CA1335C1D1CE}.Debug|Any CPU.ActiveCfg = Debug|Any CPU
		{C72D13BE-8B51-4E06-902A-CA1335C1D1CE}.Debug|Any CPU.Build.0 = Debug|Any CPU
		{C72D13BE-8B51-4E06-902A-CA1335C1D1CE}.Debug|ARM.ActiveCfg = Debug|Any CPU
		{C72D13BE-8B51-4E06-902A-CA1335C1D1CE}.Debug|ARM.Build.0 = Debug|Any CPU
		{C72D13BE-8B51-4E06-902A-CA1335C1D1CE}.Debug|iPhone.ActiveCfg = Debug|Any CPU
		{C72D13BE-8B51-4E06-902A-CA1335C1D1CE}.Debug|iPhone.Build.0 = Debug|Any CPU
		{C72D13BE-8B51-4E06-902A-CA1335C1D1CE}.Debug|iPhoneSimulator.ActiveCfg = Debug|Any CPU
		{C72D13BE-8B51-4E06-902A-CA1335C1D1CE}.Debug|iPhoneSimulator.Build.0 = Debug|Any CPU
		{C72D13BE-8B51-4E06-902A-CA1335C1D1CE}.Debug|x64.ActiveCfg = Debug|Any CPU
		{C72D13BE-8B51-4E06-902A-CA1335C1D1CE}.Debug|x64.Build.0 = Debug|Any CPU
		{C72D13BE-8B51-4E06-902A-CA1335C1D1CE}.Debug|x86.ActiveCfg = Debug|Any CPU
		{C72D13BE-8B51-4E06-902A-CA1335C1D1CE}.Debug|x86.Build.0 = Debug|Any CPU
		{C72D13BE-8B51-4E06-902A-CA1335C1D1CE}.Release|Any CPU.ActiveCfg = Release|Any CPU
		{C72D13BE-8B51-4E06-902A-CA1335C1D1CE}.Release|Any CPU.Build.0 = Release|Any CPU
		{C72D13BE-8B51-4E06-902A-CA1335C1D1CE}.Release|ARM.ActiveCfg = Release|Any CPU
		{C72D13BE-8B51-4E06-902A-CA1335C1D1CE}.Release|ARM.Build.0 = Release|Any CPU
		{C72D13BE-8B51-4E06-902A-CA1335C1D1CE}.Release|iPhone.ActiveCfg = Release|Any CPU
		{C72D13BE-8B51-4E06-902A-CA1335C1D1CE}.Release|iPhone.Build.0 = Release|Any CPU
		{C72D13BE-8B51-4E06-902A-CA1335C1D1CE}.Release|iPhoneSimulator.ActiveCfg = Release|Any CPU
		{C72D13BE-8B51-4E06-902A-CA1335C1D1CE}.Release|iPhoneSimulator.Build.0 = Release|Any CPU
		{C72D13BE-8B51-4E06-902A-CA1335C1D1CE}.Release|x64.ActiveCfg = Release|Any CPU
		{C72D13BE-8B51-4E06-902A-CA1335C1D1CE}.Release|x64.Build.0 = Release|Any CPU
		{C72D13BE-8B51-4E06-902A-CA1335C1D1CE}.Release|x86.ActiveCfg = Release|Any CPU
		{C72D13BE-8B51-4E06-902A-CA1335C1D1CE}.Release|x86.Build.0 = Release|Any CPU
		{994FEA6A-4F81-4675-8223-54C96CA6A46C}.Ad-Hoc|Any CPU.ActiveCfg = Release|Any CPU
		{994FEA6A-4F81-4675-8223-54C96CA6A46C}.Ad-Hoc|Any CPU.Build.0 = Release|Any CPU
		{994FEA6A-4F81-4675-8223-54C96CA6A46C}.Ad-Hoc|ARM.ActiveCfg = Release|Any CPU
		{994FEA6A-4F81-4675-8223-54C96CA6A46C}.Ad-Hoc|ARM.Build.0 = Release|Any CPU
		{994FEA6A-4F81-4675-8223-54C96CA6A46C}.Ad-Hoc|iPhone.ActiveCfg = Release|Any CPU
		{994FEA6A-4F81-4675-8223-54C96CA6A46C}.Ad-Hoc|iPhone.Build.0 = Release|Any CPU
		{994FEA6A-4F81-4675-8223-54C96CA6A46C}.Ad-Hoc|iPhoneSimulator.ActiveCfg = Release|Any CPU
		{994FEA6A-4F81-4675-8223-54C96CA6A46C}.Ad-Hoc|iPhoneSimulator.Build.0 = Release|Any CPU
		{994FEA6A-4F81-4675-8223-54C96CA6A46C}.Ad-Hoc|x64.ActiveCfg = Release|Any CPU
		{994FEA6A-4F81-4675-8223-54C96CA6A46C}.Ad-Hoc|x64.Build.0 = Release|Any CPU
		{994FEA6A-4F81-4675-8223-54C96CA6A46C}.Ad-Hoc|x86.ActiveCfg = Release|Any CPU
		{994FEA6A-4F81-4675-8223-54C96CA6A46C}.Ad-Hoc|x86.Build.0 = Release|Any CPU
		{994FEA6A-4F81-4675-8223-54C96CA6A46C}.AppStore|Any CPU.ActiveCfg = Release|Any CPU
		{994FEA6A-4F81-4675-8223-54C96CA6A46C}.AppStore|Any CPU.Build.0 = Release|Any CPU
		{994FEA6A-4F81-4675-8223-54C96CA6A46C}.AppStore|ARM.ActiveCfg = Release|Any CPU
		{994FEA6A-4F81-4675-8223-54C96CA6A46C}.AppStore|ARM.Build.0 = Release|Any CPU
		{994FEA6A-4F81-4675-8223-54C96CA6A46C}.AppStore|iPhone.ActiveCfg = Release|Any CPU
		{994FEA6A-4F81-4675-8223-54C96CA6A46C}.AppStore|iPhone.Build.0 = Release|Any CPU
		{994FEA6A-4F81-4675-8223-54C96CA6A46C}.AppStore|iPhoneSimulator.ActiveCfg = Release|Any CPU
		{994FEA6A-4F81-4675-8223-54C96CA6A46C}.AppStore|iPhoneSimulator.Build.0 = Release|Any CPU
		{994FEA6A-4F81-4675-8223-54C96CA6A46C}.AppStore|x64.ActiveCfg = Release|Any CPU
		{994FEA6A-4F81-4675-8223-54C96CA6A46C}.AppStore|x64.Build.0 = Release|Any CPU
		{994FEA6A-4F81-4675-8223-54C96CA6A46C}.AppStore|x86.ActiveCfg = Release|Any CPU
		{994FEA6A-4F81-4675-8223-54C96CA6A46C}.AppStore|x86.Build.0 = Release|Any CPU
		{994FEA6A-4F81-4675-8223-54C96CA6A46C}.Debug|Any CPU.ActiveCfg = Debug|Any CPU
		{994FEA6A-4F81-4675-8223-54C96CA6A46C}.Debug|Any CPU.Build.0 = Debug|Any CPU
		{994FEA6A-4F81-4675-8223-54C96CA6A46C}.Debug|ARM.ActiveCfg = Debug|Any CPU
		{994FEA6A-4F81-4675-8223-54C96CA6A46C}.Debug|ARM.Build.0 = Debug|Any CPU
		{994FEA6A-4F81-4675-8223-54C96CA6A46C}.Debug|iPhone.ActiveCfg = Debug|Any CPU
		{994FEA6A-4F81-4675-8223-54C96CA6A46C}.Debug|iPhone.Build.0 = Debug|Any CPU
		{994FEA6A-4F81-4675-8223-54C96CA6A46C}.Debug|iPhoneSimulator.ActiveCfg = Debug|Any CPU
		{994FEA6A-4F81-4675-8223-54C96CA6A46C}.Debug|iPhoneSimulator.Build.0 = Debug|Any CPU
		{994FEA6A-4F81-4675-8223-54C96CA6A46C}.Debug|x64.ActiveCfg = Debug|Any CPU
		{994FEA6A-4F81-4675-8223-54C96CA6A46C}.Debug|x64.Build.0 = Debug|Any CPU
		{994FEA6A-4F81-4675-8223-54C96CA6A46C}.Debug|x86.ActiveCfg = Debug|Any CPU
		{994FEA6A-4F81-4675-8223-54C96CA6A46C}.Debug|x86.Build.0 = Debug|Any CPU
		{994FEA6A-4F81-4675-8223-54C96CA6A46C}.Release|Any CPU.ActiveCfg = Release|Any CPU
		{994FEA6A-4F81-4675-8223-54C96CA6A46C}.Release|Any CPU.Build.0 = Release|Any CPU
		{994FEA6A-4F81-4675-8223-54C96CA6A46C}.Release|ARM.ActiveCfg = Release|Any CPU
		{994FEA6A-4F81-4675-8223-54C96CA6A46C}.Release|ARM.Build.0 = Release|Any CPU
		{994FEA6A-4F81-4675-8223-54C96CA6A46C}.Release|iPhone.ActiveCfg = Release|Any CPU
		{994FEA6A-4F81-4675-8223-54C96CA6A46C}.Release|iPhone.Build.0 = Release|Any CPU
		{994FEA6A-4F81-4675-8223-54C96CA6A46C}.Release|iPhoneSimulator.ActiveCfg = Release|Any CPU
		{994FEA6A-4F81-4675-8223-54C96CA6A46C}.Release|iPhoneSimulator.Build.0 = Release|Any CPU
		{994FEA6A-4F81-4675-8223-54C96CA6A46C}.Release|x64.ActiveCfg = Release|Any CPU
		{994FEA6A-4F81-4675-8223-54C96CA6A46C}.Release|x64.Build.0 = Release|Any CPU
		{994FEA6A-4F81-4675-8223-54C96CA6A46C}.Release|x86.ActiveCfg = Release|Any CPU
		{994FEA6A-4F81-4675-8223-54C96CA6A46C}.Release|x86.Build.0 = Release|Any CPU
	EndGlobalSection
	GlobalSection(SolutionProperties) = preSolution
		HideSolutionNode = FALSE
	EndGlobalSection
	GlobalSection(ExtensibilityGlobals) = postSolution
		SolutionGuid = {C1F3920F-7185-4634-ACEC-9AE102E89B4E}
	EndGlobalSection
EndGlobal
